
Microsoft Visual Studio Solution File, Format Version 12.00
# Visual Studio 2012
Project("{FAE04EC0-301F-11D3-BF4B-00C04F79EFBC}") = "objc2java", "objc2java\objc2java.csproj", "{411A7262-30F8-43F3-81C1-B7D5A5476584}"
EndProject
Project("{FAE04EC0-301F-11D3-BF4B-00C04F79EFBC}") = "objctojavacore", "objctojavacore\objctojavacore.csproj", "{E365EC9E-724F-499C-9A5E-A3BFA997043F}"
EndProject
Global
	GlobalSection(SolutionConfigurationPlatforms) = preSolution
		Debug|Any CPU = Debug|Any CPU
		Release|Any CPU = Release|Any CPU
	EndGlobalSection
	GlobalSection(ProjectConfigurationPlatforms) = postSolution
		{411A7262-30F8-43F3-81C1-B7D5A5476584}.Debug|Any CPU.ActiveCfg = Debug|Any CPU
		{411A7262-30F8-43F3-81C1-B7D5A5476584}.Debug|Any CPU.Build.0 = Debug|Any CPU
		{411A7262-30F8-43F3-81C1-B7D5A5476584}.Release|Any CPU.ActiveCfg = Release|Any CPU
		{411A7262-30F8-43F3-81C1-B7D5A5476584}.Release|Any CPU.Build.0 = Release|Any CPU
		{E365EC9E-724F-499C-9A5E-A3BFA997043F}.Debug|Any CPU.ActiveCfg = Debug|Any CPU
		{E365EC9E-724F-499C-9A5E-A3BFA997043F}.Debug|Any CPU.Build.0 = Debug|Any CPU
		{E365EC9E-724F-499C-9A5E-A3BFA997043F}.Release|Any CPU.ActiveCfg = Release|Any CPU
		{E365EC9E-724F-499C-9A5E-A3BFA997043F}.Release|Any CPU.Build.0 = Release|Any CPU
	EndGlobalSection
	GlobalSection(SolutionProperties) = preSolution
		HideSolutionNode = FALSE
	EndGlobalSection
EndGlobal
