
Microsoft Visual Studio Solution File, Format Version 12.00
# Visual Studio 2012
Project("{FAE04EC0-301F-11D3-BF4B-00C04F79EFBC}") = "objcDeofuscator", "objcDeofuscator\objcDeofuscator.csproj", "{A8019E94-064E-4784-BE65-0F6D30EAB66D}"
EndProject
Project("{FAE04EC0-301F-11D3-BF4B-00C04F79EFBC}") = "ObjcDeofuscatorForm", "ObjcDeofuscatorForm\ObjcDeofuscatorForm.csproj", "{6848CF3A-5DFC-4287-B446-D766F52153B2}"
EndProject
Global
	GlobalSection(SolutionConfigurationPlatforms) = preSolution
		Debug|Any CPU = Debug|Any CPU
		Release|Any CPU = Release|Any CPU
	EndGlobalSection
	GlobalSection(ProjectConfigurationPlatforms) = postSolution
		{A8019E94-064E-4784-BE65-0F6D30EAB66D}.Debug|Any CPU.ActiveCfg = Debug|Any CPU
		{A8019E94-064E-4784-BE65-0F6D30EAB66D}.Debug|Any CPU.Build.0 = Debug|Any CPU
		{A8019E94-064E-4784-BE65-0F6D30EAB66D}.Release|Any CPU.ActiveCfg = Release|Any CPU
		{A8019E94-064E-4784-BE65-0F6D30EAB66D}.Release|Any CPU.Build.0 = Release|Any CPU
		{6848CF3A-5DFC-4287-B446-D766F52153B2}.Debug|Any CPU.ActiveCfg = Debug|Any CPU
		{6848CF3A-5DFC-4287-B446-D766F52153B2}.Debug|Any CPU.Build.0 = Debug|Any CPU
		{6848CF3A-5DFC-4287-B446-D766F52153B2}.Release|Any CPU.ActiveCfg = Release|Any CPU
		{6848CF3A-5DFC-4287-B446-D766F52153B2}.Release|Any CPU.Build.0 = Release|Any CPU
	EndGlobalSection
	GlobalSection(SolutionProperties) = preSolution
		HideSolutionNode = FALSE
	EndGlobalSection
EndGlobal
